
Microsoft Visual Studio Solution File, Format Version 12.00
# Visual Studio Version 17
VisualStudioVersion = 17.4.33205.214
MinimumVisualStudioVersion = 10.0.40219.1
Project("{FAE04EC0-301F-11D3-BF4B-00C04F79EFBC}") = "ShopSmith2", "ShopSmith2.csproj", "{FE6D4702-139E-4EE4-893F-1B7E230B539D}"
EndProject
Global
	GlobalSection(SolutionConfigurationPlatforms) = preSolution
		Debug|Any CPU = Debug|Any CPU
		Release|Any CPU = Release|Any CPU
	EndGlobalSection
	GlobalSection(ProjectConfigurationPlatforms) = postSolution
		{FE6D4702-139E-4EE4-893F-1B7E230B539D}.Debug|Any CPU.ActiveCfg = Debug|Any CPU
		{FE6D4702-139E-4EE4-893F-1B7E230B539D}.Debug|Any CPU.Build.0 = Debug|Any CPU
		{FE6D4702-139E-4EE4-893F-1B7E230B539D}.Release|Any CPU.ActiveCfg = Release|Any CPU
		{FE6D4702-139E-4EE4-893F-1B7E230B539D}.Release|Any CPU.Build.0 = Release|Any CPU
	EndGlobalSection
	GlobalSection(SolutionProperties) = preSolution
		HideSolutionNode = FALSE
	EndGlobalSection
	GlobalSection(ExtensibilityGlobals) = postSolution
		SolutionGuid = {23845979-4BDF-441A-A6C6-2F057ABB637D}
	EndGlobalSection
EndGlobal
